{
  "name": "salone-auto-link",
  "version": "1.0.0",
  "lockfileVersion": 3,
  "requires": true,
  "packages": {
    "": {
      "name": "salone-auto-link",
      "version": "1.0.0",
      "dependencies": {
        "@aws-sdk/client-s3": "^3.600.0",
        "bcryptjs": "^2.4.3",
        "cors": "^2.8.5",
        "dotenv": "^16.4.5",
        "express": "^4.18.3",
        "jsonwebtoken": "^9.0.2",
        "multer": "^1.4.5-lts.1",
        "serverless-http": "^4.0.0",
        "uuid": "^9.0.1"
      },
      "engines": {
        "node": ">=18.0.0"
      }
    },
    "node_modules/@aws-sdk/checksums": {
      "version": "3.1000.27",
      "resolved": "https://registry.npmjs.org/@aws-sdk/checksums/-/checksums-3.1000.27.tgz",
      "integrity": "sha512-insWOqKKNUrbN/dohEG7BJ0U5GkyqhjbMb/NHNaLUtq+7my2M8C4EnZZZoxMmXRqCC+P9dEr+KyJA2JGGzoKLg==",
      "license": "Apache-2.0",
      "dependencies": {
        "@aws-sdk/core": "^3.977.7",
        "@aws-sdk/types": "^3.974.3",
        "@smithy/core": "^3.31.1",
        "@smithy/types": "^4.16.1",
        "tslib": "^2.6.2"
      },
      "engines": {
        "node": ">=20.0.0"
      }
    },
    "node_modules/@aws-sdk/client-s3": {
      "version": "3.1109.0",
      "resolved": "https://registry.npmjs.org/@aws-sdk/client-s3/-/client-s3-3.1109.0.tgz",
      "integrity": "sha512-iPWzBeGkAe5H5+dBBGCOdIT4uMhpu12OK+nFnDzjvOChVnHIws4LeoG7Yl0kJHSRWZnNEkVcF4vQYTJny0e5xA==",
      "license": "Apache-2.0",
      "dependencies": {
        "@aws-sdk/checksums": "^3.1000.27",
        "@aws-sdk/core": "^3.977.7",
        "@aws-sdk/credential-provider-node": "^3.972.79",
        "@aws-sdk/middleware-sdk-s3": "^3.972.73",
        "@aws-sdk/signature-v4-multi-region": "^3.996.44",
        "@aws-sdk/types": "^3.974.3",
        "@smithy/core": "^3.31.1",
        "@smithy/fetch-http-handler": "^5.6.13",
        "@smithy/node-http-handler": "^4.9.13",
        "@smithy/types": "^4.16.1",
        "tslib": "^2.6.2"
      },
      "engines": {
        "node": ">=20.0.0"
      }
    },
    "node_modules/@aws-sdk/core": {
      "version": "3.977.7",
      "resolved": "https://registry.npmjs.org/@aws-sdk/core/-/core-3.977.7.tgz",
      "integrity": "sha512-I88Iov89NVmjSmJLKSv7Cn9M2J+a2942OkA8nZCbz+sl4ZeY4zEOcoLOrbt1GRfQ8zEQKnjAJdXixA3J/p1fDQ==",
      "license": "Apache-2.0",
      "dependencies": {
        "@aws-sdk/types": "^3.974.3",
        "@aws-sdk/xml-builder": "^3.972.38",
        "@aws/lambda-invoke-store": "^0.3.0",
        "@smithy/core": "^3.31.1",
        "@smithy/signature-v4": "^5.6.12",
        "@smithy/types": "^4.16.1",
        "bowser": "^2.11.0",
        "tslib": "^2.6.2"
      },
      "engines": {
        "node": ">=20.0.0"
      }
    },
    "node_modules/@aws-sdk/credential-provider-env": {
      "version": "3.972.68",
      "resolved": "https://registry.npmjs.org/@aws-sdk/credential-provider-env/-/credential-provider-env-3.972.68.tgz",
      "integrity": "sha512-2a20A/IdNOwUvaDq91iqqS7BA0XlNMfW3iLGZGZLJv0EbUqhSxB0PIx4rQQqssvWj1uXImb3/UCCdHz/+1dOiA==",
      "license": "Apache-2.0",
      "dependencies": {
        "@aws-sdk/core": "^3.977.7",
        "@aws-sdk/types": "^3.974.3",
        "@smithy/core": "^3.31.1",
        "@smithy/types": "^4.16.1",
        "tslib": "^2.6.2"
      },
      "engines": {
        "node": ">=20.0.0"
      }
    },
    "node_modules/@aws-sdk/credential-provider-http": {
      "version": "3.972.70",
      "resolved": "https://registry.npmjs.org/@aws-sdk/credential-provider-http/-/credential-provider-http-3.972.70.tgz",
      "integrity": "sha512-0yRem2Fs52r/Nn6UAqIlpjexfaYj8ziEozOe9tamtAVT/5bzFLKx8O2r7MaRqgS3hGKHIa1Jij9nKHSsNnb04A==",
      "license": "Apache-2.0",
      "dependencies": {
        "@aws-sdk/core": "^3.977.7",
        "@aws-sdk/types": "^3.974.3",
        "@smithy/core": "^3.31.1",
        "@smithy/fetch-http-handler": "^5.6.13",
        "@smithy/node-http-handler": "^4.9.13",
        "@smithy/types": "^4.16.1",
        "tslib": "^2.6.2"
      },
      "engines": {
        "node": ">=20.0.0"
      }
    },
    "node_modules/@aws-sdk/credential-provider-ini": {
      "version": "3.973.13",
      "resolved": "https://registry.npmjs.org/@aws-sdk/credential-provider-ini/-/credential-provider-ini-3.973.13.tgz",
      "integrity": "sha512-2M39DE02XpYYaSWYk/4AsImXYUU/1L2xmTMLUpMMWq7DfLv191/vCRy3baKtdr45AkJQyVgSjmuVOLm15SwrRQ==",
      "license": "Apache-2.0",
      "dependencies": {
        "@aws-sdk/core": "^3.977.7",
        "@aws-sdk/credential-provider-env": "^3.972.68",
        "@aws-sdk/credential-provider-http": "^3.972.70",
        "@aws-sdk/credential-provider-login": "^3.972.75",
        "@aws-sdk/credential-provider-process": "^3.972.68",
        "@aws-sdk/credential-provider-sso": "^3.973.12",
        "@aws-sdk/credential-provider-web-identity": "^3.972.74",
        "@aws-sdk/nested-clients": "^3.997.42",
        "@aws-sdk/types": "^3.974.3",
        "@smithy/core": "^3.31.1",
        "@smithy/credential-provider-imds": "^4.4.16",
        "@smithy/types": "^4.16.1",
        "tslib": "^2.6.2"
      },
      "engines": {
        "node": ">=20.0.0"
      }
    },
    "node_modules/@aws-sdk/credential-provider-login": {
      "version": "3.972.75",
      "resolved": "https://registry.npmjs.org/@aws-sdk/credential-provider-login/-/credential-provider-login-3.972.75.tgz",
      "integrity": "sha512-jaTESuJlQsoUZ44f/i2puyPt8VlF/dMMJ9HM3cStYtk7eKX4N9UWi83OLixUkoOJH3BwWlPLCq9YIK9nfWhVBg==",
      "license": "Apache-2.0",
      "dependencies": {
        "@aws-sdk/core": "^3.977.7",
        "@aws-sdk/nested-clients": "^3.997.42",
        "@aws-sdk/types": "^3.974.3",
        "@smithy/core": "^3.31.1",
        "@smithy/types": "^4.16.1",
        "tslib": "^2.6.2"
      },
      "engines": {
        "node": ">=20.0.0"
      }
    },
    "node_modules/@aws-sdk/credential-provider-node": {
      "version": "3.972.79",
      "resolved": "https://registry.npmjs.org/@aws-sdk/credential-provider-node/-/credential-provider-node-3.972.79.tgz",
      "integrity": "sha512-RIw5dof1EHkWubrZzPC941CDtnFG1iAXsxbFgLkhdYZXHc4icU13c/uxSMI0J5eUx9bxa7LjfpdjfClBB1QsDA==",
      "license": "Apache-2.0",
      "dependencies": {
        "@aws-sdk/credential-provider-env": "^3.972.68",
        "@aws-sdk/credential-provider-http": "^3.972.70",
        "@aws-sdk/credential-provider-ini": "^3.973.13",
        "@aws-sdk/credential-provider-process": "^3.972.68",
        "@aws-sdk/credential-provider-sso": "^3.973.12",
        "@aws-sdk/credential-provider-web-identity": "^3.972.74",
        "@aws-sdk/types": "^3.974.3",
        "@smithy/core": "^3.31.1",
        "@smithy/credential-provider-imds": "^4.4.16",
        "@smithy/types": "^4.16.1",
        "tslib": "^2.6.2"
      },
      "engines": {
        "node": ">=20.0.0"
      }
    },
    "node_modules/@aws-sdk/credential-provider-process": {
      "version": "3.972.68",
      "resolved": "https://registry.npmjs.org/@aws-sdk/credential-provider-process/-/credential-provider-process-3.972.68.tgz",
      "integrity": "sha512-nLP3Pda2MQTFJ25hKBMmUuB9Uv+bTZQNlufbeCwklP549Vwnkd8bRLJoCKp5k6xjmdyptrPrOfGOhN0mKuca8A==",
      "license": "Apache-2.0",
      "dependencies": {
        "@aws-sdk/core": "^3.977.7",
        "@aws-sdk/types": "^3.974.3",
        "@smithy/core": "^3.31.1",
        "@smithy/types": "^4.16.1",
        "tslib": "^2.6.2"
      },
      "engines": {
        "node": ">=20.0.0"
      }
    },
    "node_modules/@aws-sdk/credential-provider-sso": {
      "version": "3.973.12",
      "resolved": "https://registry.npmjs.org/@aws-sdk/credential-provider-sso/-/credential-provider-sso-3.973.12.tgz",
      "integrity": "sha512-EmgyyHn+f9WCcelp3L/vci+LGbX8GigWaVphRArjVo5Pktkr9YnLy/mQ6VDkDyBD72dtfRNTgHmD2ts4rTDXKQ==",
      "license": "Apache-2.0",
      "dependencies": {
        "@aws-sdk/core": "^3.977.7",
        "@aws-sdk/nested-clients": "^3.997.42",
        "@aws-sdk/token-providers": "3.1108.0",
        "@aws-sdk/types": "^3.974.3",
        "@smithy/core": "^3.31.1",
        "@smithy/types": "^4.16.1",
        "tslib": "^2.6.2"
      },
      "engines": {
        "node": ">=20.0.0"
      }
    },
    "node_modules/@aws-sdk/credential-provider-web-identity": {
      "version": "3.972.74",
      "resolved": "https://registry.npmjs.org/@aws-sdk/credential-provider-web-identity/-/credential-provider-web-identity-3.972.74.tgz",
      "integrity": "sha512-0YfczxGXF3RjGj8z7QG/Ho2HnLGKDHfPSHiTs47UU1U/+mmwISDN+rvGKt2zh+3FX8NdT4xd95LGBGyhQw2dgQ==",
      "license": "Apache-2.0",
      "dependencies": {
        "@aws-sdk/core": "^3.977.7",
        "@aws-sdk/nested-clients": "^3.997.42",
        "@aws-sdk/types": "^3.974.3",
        "@smithy/core": "^3.31.1",
        "@smithy/types": "^4.16.1",
        "tslib": "^2.6.2"
      },
      "engines": {
        "node": ">=20.0.0"
      }
    },
    "node_modules/@aws-sdk/middleware-sdk-s3": {
      "version": "3.972.73",
      "resolved": "https://registry.npmjs.org/@aws-sdk/middleware-sdk-s3/-/middleware-sdk-s3-3.972.73.tgz",
      "integrity": "sha512-oy7sRA5HvHcAvkcKX6F8RI240jcOf3c8y/Gqjs9qemIibdKQqGBIi0uwa+47ZRYqGLpdEO28TQU4G73yUzo06Q==",
      "license": "Apache-2.0",
      "dependencies": {
        "@aws-sdk/core": "^3.977.7",
        "@aws-sdk/signature-v4-multi-region": "^3.996.44",
        "@aws-sdk/types": "^3.974.3",
        "@smithy/core": "^3.31.1",
        "@smithy/types": "^4.16.1",
        "tslib": "^2.6.2"
      },
      "engines": {
        "node": ">=20.0.0"
      }
    },
    "node_modules/@aws-sdk/nested-clients": {
      "version": "3.997.42",
      "resolved": "https://registry.npmjs.org/@aws-sdk/nested-clients/-/nested-clients-3.997.42.tgz",
      "integrity": "sha512-XWRyon2MTHXD/zMoo0Mbge6Vwf+iE0qQaM/RyGO6NfZ9WukCFiQL27nQVZjYy2JwSIg+iXZxKOX95OBXqlSM4w==",
      "license": "Apache-2.0",
      "dependencies": {
        "@aws-sdk/core": "^3.977.7",
        "@aws-sdk/signature-v4-multi-region": "^3.996.44",
        "@aws-sdk/types": "^3.974.3",
        "@smithy/core": "^3.31.1",
        "@smithy/fetch-http-handler": "^5.6.13",
        "@smithy/node-http-handler": "^4.9.13",
        "@smithy/types": "^4.16.1",
        "tslib": "^2.6.2"
      },
      "engines": {
        "node": ">=20.0.0"
      }
    },
    "node_modules/@aws-sdk/signature-v4-multi-region": {
      "version": "3.996.44",
      "resolved": "https://registry.npmjs.org/@aws-sdk/signature-v4-multi-region/-/signature-v4-multi-region-3.996.44.tgz",
      "integrity": "sha512-ZSfQ35Qn4MhSY+A0Whyr+KBx+wJKZUyBsOrjB2pSHOafRzbFe47T8XcXM8hZqUAC69qnqIy0C9ArxTuud0CC2w==",
      "license": "Apache-2.0",
      "dependencies": {
        "@aws-sdk/types": "^3.974.3",
        "@smithy/signature-v4": "^5.6.12",
        "@smithy/types": "^4.16.1",
        "tslib": "^2.6.2"
      },
      "engines": {
        "node": ">=20.0.0"
      }
    },
    "node_modules/@aws-sdk/token-providers": {
      "version": "3.1108.0",
      "resolved": "https://registry.npmjs.org/@aws-sdk/token-providers/-/token-providers-3.1108.0.tgz",
      "integrity": "sha512-rI80zxDxGJ6904eC/YbjkdjY6JdaZvQ01kOmrMvw7cFQGIHo27fhnIVbMSVDS4T6foQImjxYSRoOu/uSJscXDw==",
      "license": "Apache-2.0",
      "dependencies": {
        "@aws-sdk/core": "^3.977.7",
        "@aws-sdk/nested-clients": "^3.997.42",
        "@aws-sdk/types": "^3.974.3",
        "@smithy/core": "^3.31.1",
        "@smithy/types": "^4.16.1",
        "tslib": "^2.6.2"
      },
      "engines": {
        "node": ">=20.0.0"
      }
    },
    "node_modules/@aws-sdk/types": {
      "version": "3.974.3",
      "resolved": "https://registry.npmjs.org/@aws-sdk/types/-/types-3.974.3.tgz",
      "integrity": "sha512-ECAqfpNsef+7MO8qtR0h9KcFIBAygaE7Cm6UOiQl+ft+uVap+1G7bNEjs4mdJE2OnA4m6k7i8peH8uGIAsOMGw==",
      "license": "Apache-2.0",
      "dependencies": {
        "@smithy/types": "^4.16.1",
        "tslib": "^2.6.2"
      },
      "engines": {
        "node": ">=20.0.0"
      }
    },
    "node_modules/@aws-sdk/xml-builder": {
      "version": "3.972.38",
      "resolved": "https://registry.npmjs.org/@aws-sdk/xml-builder/-/xml-builder-3.972.38.tgz",
      "integrity": "sha512-grf7mzfVxBS5AlsuTvBN7uDpzqohFww9fRPCO+EBSUdvtsYMcPSKdz54h/7XiscqNcUM1Ae1MF7JLHmiYYuzbQ==",
      "license": "Apache-2.0",
      "dependencies": {
        "@smithy/types": "^4.16.1",
        "tslib": "^2.6.2"
      },
      "engines": {
        "node": ">=20.0.0"
      }
    },
    "node_modules/@aws/lambda-invoke-store": {
      "version": "0.3.0",
      "resolved": "https://registry.npmjs.org/@aws/lambda-invoke-store/-/lambda-invoke-store-0.3.0.tgz",
      "integrity": "sha512-sl4Bm6yiMNYrZKkqqDFWN0UfnWhlS8ivKxrYl+6t0gCLrqr8y3B2IqZZbFRkfaVVp7C/baApyh71P+LeE1A2sQ==",
      "license": "Apache-2.0",
      "engines": {
        "node": ">=18.0.0"
      }
    },
    "node_modules/@smithy/core": {
      "version": "3.32.0",
      "resolved": "https://registry.npmjs.org/@smithy/core/-/core-3.32.0.tgz",
      "integrity": "sha512-NAiCSC78fzbNIEWoheoF74Ob5ZorLijCHpMY26Fqvqg/+9LuyIqMfHDg2p8Yk1rqOyowtiL3y7WX0AW+teL6zw==",
      "license": "Apache-2.0",
      "dependencies": {
        "@smithy/types": "^4.17.0",
        "tslib": "^2.6.2"
      },
      "engines": {
        "node": ">=18.0.0"
      }
    },
    "node_modules/@smithy/credential-provider-imds": {
      "version": "4.5.0",
      "resolved": "https://registry.npmjs.org/@smithy/credential-provider-imds/-/credential-provider-imds-4.5.0.tgz",
      "integrity": "sha512-2jsPi+7Zv2hSzD9IXR9D7DTqSn7mv4XalzRm+bESh53jiaUS3NKEUbpQFTJP0HhQy9qzZvluxQ3yS24zdRrqsA==",
      "license": "Apache-2.0",
      "dependencies": {
        "@smithy/core": "^3.32.0",
        "@smithy/types": "^4.17.0",
        "tslib": "^2.6.2"
      },
      "engines": {
        "node": ">=18.0.0"
      }
    },
    "node_modules/@smithy/fetch-http-handler": {
      "version": "5.7.0",
      "resolved": "https://registry.npmjs.org/@smithy/fetch-http-handler/-/fetch-http-handler-5.7.0.tgz",
      "integrity": "sha512-W/exA8T0LEzCQtJ02w4IzaEQPIspgarqZprb7W8FwnYiDowgCrjl2fTQ6FvuSSUnJORuepBF81abmBJwqh+0XQ==",
      "license": "Apache-2.0",
      "dependencies": {
        "@smithy/core": "^3.32.0",
        "@smithy/types": "^4.17.0",
        "tslib": "^2.6.2"
      },
      "engines": {
        "node": ">=18.0.0"
      }
    },
    "node_modules/@smithy/node-http-handler": {
      "version": "4.10.0",
      "resolved": "https://registry.npmjs.org/@smithy/node-http-handler/-/node-http-handler-4.10.0.tgz",
      "integrity": "sha512-nrh7VxqzPQS/ip1hS293aI/OAWDWARQvjUxCfuKhyrfHa2gTdk28066RNeWLI1uuoHXaKAkOF8IcSAHuOp0+SA==",
      "license": "Apache-2.0",
      "dependencies": {
        "@smithy/core": "^3.32.0",
        "@smithy/types": "^4.17.0",
        "tslib": "^2.6.2"
      },
      "engines": {
        "node": ">=18.0.0"
      }
    },
    "node_modules/@smithy/signature-v4": {
      "version": "5.7.0",
      "resolved": "https://registry.npmjs.org/@smithy/signature-v4/-/signature-v4-5.7.0.tgz",
      "integrity": "sha512-hCynhm22wMJ8wTF9crcwu8mxggtUrSLLJgDcGUvYFBqpofxycYJCGKOMYg4xtPPFtgNiDJSYmhsWLTrcU/g59Q==",
      "license": "Apache-2.0",
      "dependencies": {
        "@smithy/core": "^3.32.0",
        "@smithy/types": "^4.17.0",
        "tslib": "^2.6.2"
      },
      "engines": {
        "node": ">=18.0.0"
      }
    },
    "node_modules/@smithy/types": {
      "version": "4.17.0",
      "resolved": "https://registry.npmjs.org/@smithy/types/-/types-4.17.0.tgz",
      "integrity": "sha512-Aw4joiM0ZdErpo39lCj8phT2lxoiKZV+KZzBxnnQhWVtU2Is/WffQSL04uUWRcXUse9Ln8vXZK6V/FwqRVnQpg==",
      "license": "Apache-2.0",
      "dependencies": {
        "tslib": "^2.6.2"
      },
      "engines": {
        "node": ">=18.0.0"
      }
    },
    "node_modules/accepts": {
      "version": "1.3.8",
      "license": "MIT",
      "dependencies": {
        "mime-types": "~2.1.34",
        "negotiator": "0.6.3"
      },
      "engines": {
        "node": ">= 0.6"
      }
    },
    "node_modules/append-field": {
      "version": "1.0.0",
      "license": "MIT"
    },
    "node_modules/array-flatten": {
      "version": "1.1.1",
      "license": "MIT"
    },
    "node_modules/bcryptjs": {
      "version": "2.4.3",
      "license": "MIT"
    },
    "node_modules/body-parser": {
      "version": "1.20.6",
      "license": "MIT",
      "dependencies": {
        "bytes": "~3.1.2",
        "content-type": "~1.0.5",
        "debug": "2.6.9",
        "depd": "2.0.0",
        "destroy": "~1.2.0",
        "http-errors": "~2.0.1",
        "iconv-lite": "~0.4.24",
        "on-finished": "~2.4.1",
        "qs": "~6.15.1",
        "raw-body": "~2.5.3",
        "type-is": "~1.6.18",
        "unpipe": "~1.0.0"
      },
      "engines": {
        "node": ">= 0.8",
        "npm": "1.2.8000 || >= 1.4.16"
      }
    },
    "node_modules/bowser": {
      "version": "2.14.1",
      "resolved": "https://registry.npmjs.org/bowser/-/bowser-2.14.1.tgz",
      "integrity": "sha512-tzPjzCxygAKWFOJP011oxFHs57HzIhOEracIgAePE4pqB3LikALKnSzUyU4MGs9/iCEUuHlAJTjTc5M+u7YEGg==",
      "license": "MIT"
    },
    "node_modules/buffer-equal-constant-time": {
      "version": "1.0.1",
      "license": "BSD-3-Clause"
    },
    "node_modules/buffer-from": {
      "version": "1.1.2",
      "license": "MIT"
    },
    "node_modules/busboy": {
      "version": "1.6.0",
      "dependencies": {
        "streamsearch": "^1.1.0"
      },
      "engines": {
        "node": ">=10.16.0"
      }
    },
    "node_modules/bytes": {
      "version": "3.1.2",
      "license": "MIT",
      "engines": {
        "node": ">= 0.8"
      }
    },
    "node_modules/call-bind-apply-helpers": {
      "version": "1.0.2",
      "license": "MIT",
      "dependencies": {
        "es-errors": "^1.3.0",
        "function-bind": "^1.1.2"
      },
      "engines": {
        "node": ">= 0.4"
      }
    },
    "node_modules/call-bound": {
      "version": "1.0.4",
      "license": "MIT",
      "dependencies": {
        "call-bind-apply-helpers": "^1.0.2",
        "get-intrinsic": "^1.3.0"
      },
      "engines": {
        "node": ">= 0.4"
      },
      "funding": {
        "url": "https://github.com/sponsors/ljharb"
      }
    },
    "node_modules/concat-stream": {
      "version": "1.6.2",
      "engines": [
        "node >= 0.8"
      ],
      "license": "MIT",
      "dependencies": {
        "buffer-from": "^1.0.0",
        "inherits": "^2.0.3",
        "readable-stream": "^2.2.2",
        "typedarray": "^0.0.6"
      }
    },
    "node_modules/content-disposition": {
      "version": "0.5.4",
      "license": "MIT",
      "dependencies": {
        "safe-buffer": "5.2.1"
      },
      "engines": {
        "node": ">= 0.6"
      }
    },
    "node_modules/content-type": {
      "version": "1.0.5",
      "license": "MIT",
      "engines": {
        "node": ">= 0.6"
      }
    },
    "node_modules/cookie": {
      "version": "0.7.2",
      "license": "MIT",
      "engines": {
        "node": ">= 0.6"
      }
    },
    "node_modules/cookie-signature": {
      "version": "1.0.7",
      "license": "MIT"
    },
    "node_modules/core-util-is": {
      "version": "1.0.3",
      "license": "MIT"
    },
    "node_modules/cors": {
      "version": "2.8.6",
      "license": "MIT",
      "dependencies": {
        "object-assign": "^4",
        "vary": "^1"
      },
      "engines": {
        "node": ">= 0.10"
      },
      "funding": {
        "type": "opencollective",
        "url": "https://opencollective.com/express"
      }
    },
    "node_modules/debug": {
      "version": "2.6.9",
      "license": "MIT",
      "dependencies": {
        "ms": "2.0.0"
      }
    },
    "node_modules/depd": {
      "version": "2.0.0",
      "license": "MIT",
      "engines": {
        "node": ">= 0.8"
      }
    },
    "node_modules/destroy": {
      "version": "1.2.0",
      "license": "MIT",
      "engines": {
        "node": ">= 0.8",
        "npm": "1.2.8000 || >= 1.4.16"
      }
    },
    "node_modules/dotenv": {
      "version": "16.6.1",
      "resolved": "https://registry.npmjs.org/dotenv/-/dotenv-16.6.1.tgz",
      "integrity": "sha512-uBq4egWHTcTt33a72vpSG0z3HnPuIl6NqYcTrKEg2azoEyl2hpW0zqlxysq2pK9HlDIHyHyakeYaYnSAwd8bow==",
      "license": "BSD-2-Clause",
      "engines": {
        "node": ">=12"
      },
      "funding": {
        "url": "https://dotenvx.com"
      }
    },
    "node_modules/dunder-proto": {
      "version": "1.0.1",
      "license": "MIT",
      "dependencies": {
        "call-bind-apply-helpers": "^1.0.1",
        "es-errors": "^1.3.0",
        "gopd": "^1.2.0"
      },
      "engines": {
        "node": ">= 0.4"
      }
    },
    "node_modules/ecdsa-sig-formatter": {
      "version": "1.0.11",
      "license": "Apache-2.0",
      "dependencies": {
        "safe-buffer": "^5.0.1"
      }
    },
    "node_modules/ee-first": {
      "version": "1.1.1",
      "license": "MIT"
    },
    "node_modules/encodeurl": {
      "version": "2.0.0",
      "license": "MIT",
      "engines": {
        "node": ">= 0.8"
      }
    },
    "node_modules/es-define-property": {
      "version": "1.0.1",
      "license": "MIT",
      "engines": {
        "node": ">= 0.4"
      }
    },
    "node_modules/es-errors": {
      "version": "1.3.0",
      "license": "MIT",
      "engines": {
        "node": ">= 0.4"
      }
    },
    "node_modules/es-object-atoms": {
      "version": "1.1.2",
      "license": "MIT",
      "dependencies": {
        "es-errors": "^1.3.0"
      },
      "engines": {
        "node": ">= 0.4"
      }
    },
    "node_modules/escape-html": {
      "version": "1.0.3",
      "license": "MIT"
    },
    "node_modules/etag": {
      "version": "1.8.1",
      "license": "MIT",
      "engines": {
        "node": ">= 0.6"
      }
    },
    "node_modules/express": {
      "version": "4.22.2",
      "license": "MIT",
      "dependencies": {
        "accepts": "~1.3.8",
        "array-flatten": "1.1.1",
        "body-parser": "~1.20.5",
        "content-disposition": "~0.5.4",
        "content-type": "~1.0.4",
        "cookie": "~0.7.1",
        "cookie-signature": "~1.0.6",
        "debug": "2.6.9",
        "depd": "2.0.0",
        "encodeurl": "~2.0.0",
        "escape-html": "~1.0.3",
        "etag": "~1.8.1",
        "finalhandler": "~1.3.1",
        "fresh": "~0.5.2",
        "http-errors": "~2.0.0",
        "merge-descriptors": "1.0.3",
        "methods": "~1.1.2",
        "on-finished": "~2.4.1",
        "parseurl": "~1.3.3",
        "path-to-regexp": "~0.1.12",
        "proxy-addr": "~2.0.7",
        "qs": "~6.15.1",
        "range-parser": "~1.2.1",
        "safe-buffer": "5.2.1",
        "send": "~0.19.0",
        "serve-static": "~1.16.2",
        "setprototypeof": "1.2.0",
        "statuses": "~2.0.1",
        "type-is": "~1.6.18",
        "utils-merge": "1.0.1",
        "vary": "~1.1.2"
      },
      "engines": {
        "node": ">= 0.10.0"
      },
      "funding": {
        "type": "opencollective",
        "url": "https://opencollective.com/express"
      }
    },
    "node_modules/finalhandler": {
      "version": "1.3.2",
      "license": "MIT",
      "dependencies": {
        "debug": "2.6.9",
        "encodeurl": "~2.0.0",
        "escape-html": "~1.0.3",
        "on-finished": "~2.4.1",
        "parseurl": "~1.3.3",
        "statuses": "~2.0.2",
        "unpipe": "~1.0.0"
      },
      "engines": {
        "node": ">= 0.8"
      }
    },
    "node_modules/forwarded": {
      "version": "0.2.0",
      "license": "MIT",
      "engines": {
        "node": ">= 0.6"
      }
    },
    "node_modules/fresh": {
      "version": "0.5.2",
      "license": "MIT",
      "engines": {
        "node": ">= 0.6"
      }
    },
    "node_modules/function-bind": {
      "version": "1.1.2",
      "license": "MIT",
      "funding": {
        "url": "https://github.com/sponsors/ljharb"
      }
    },
    "node_modules/get-intrinsic": {
      "version": "1.3.0",
      "license": "MIT",
      "dependencies": {
        "call-bind-apply-helpers": "^1.0.2",
        "es-define-property": "^1.0.1",
        "es-errors": "^1.3.0",
        "es-object-atoms": "^1.1.1",
        "function-bind": "^1.1.2",
        "get-proto": "^1.0.1",
        "gopd": "^1.2.0",
        "has-symbols": "^1.1.0",
        "hasown": "^2.0.2",
        "math-intrinsics": "^1.1.0"
      },
      "engines": {
        "node": ">= 0.4"
      },
      "funding": {
        "url": "https://github.com/sponsors/ljharb"
      }
    },
    "node_modules/get-proto": {
      "version": "1.0.1",
      "license": "MIT",
      "dependencies": {
        "dunder-proto": "^1.0.1",
        "es-object-atoms": "^1.0.0"
      },
      "engines": {
        "node": ">= 0.4"
      }
    },
    "node_modules/gopd": {
      "version": "1.2.0",
      "license": "MIT",
      "engines": {
        "node": ">= 0.4"
      },
      "funding": {
        "url": "https://github.com/sponsors/ljharb"
      }
    },
    "node_modules/has-symbols": {
      "version": "1.1.0",
      "license": "MIT",
      "engines": {
        "node": ">= 0.4"
      },
      "funding": {
        "url": "https://github.com/sponsors/ljharb"
      }
    },
    "node_modules/hasown": {
      "version": "2.0.4",
      "license": "MIT",
      "dependencies": {
        "function-bind": "^1.1.2"
      },
      "engines": {
        "node": ">= 0.4"
      }
    },
    "node_modules/http-errors": {
      "version": "2.0.1",
      "license": "MIT",
      "dependencies": {
        "depd": "~2.0.0",
        "inherits": "~2.0.4",
        "setprototypeof": "~1.2.0",
        "statuses": "~2.0.2",
        "toidentifier": "~1.0.1"
      },
      "engines": {
        "node": ">= 0.8"
      },
      "funding": {
        "type": "opencollective",
        "url": "https://opencollective.com/express"
      }
    },
    "node_modules/iconv-lite": {
      "version": "0.4.24",
      "license": "MIT",
      "dependencies": {
        "safer-buffer": ">= 2.1.2 < 3"
      },
      "engines": {
        "node": ">=0.10.0"
      }
    },
    "node_modules/inherits": {
      "version": "2.0.4",
      "license": "ISC"
    },
    "node_modules/ipaddr.js": {
      "version": "1.9.1",
      "license": "MIT",
      "engines": {
        "node": ">= 0.10"
      }
    },
    "node_modules/isarray": {
      "version": "1.0.0",
      "license": "MIT"
    },
    "node_modules/jsonwebtoken": {
      "version": "9.0.3",
      "license": "MIT",
      "dependencies": {
        "jws": "^4.0.1",
        "lodash.includes": "^4.3.0",
        "lodash.isboolean": "^3.0.3",
        "lodash.isinteger": "^4.0.4",
        "lodash.isnumber": "^3.0.3",
        "lodash.isplainobject": "^4.0.6",
        "lodash.isstring": "^4.0.1",
        "lodash.once": "^4.0.0",
        "ms": "^2.1.1",
        "semver": "^7.5.4"
      },
      "engines": {
        "node": ">=12",
        "npm": ">=6"
      }
    },
    "node_modules/jsonwebtoken/node_modules/ms": {
      "version": "2.1.3",
      "license": "MIT"
    },
    "node_modules/jwa": {
      "version": "2.0.1",
      "license": "MIT",
      "dependencies": {
        "buffer-equal-constant-time": "^1.0.1",
        "ecdsa-sig-formatter": "1.0.11",
        "safe-buffer": "^5.0.1"
      }
    },
    "node_modules/jws": {
      "version": "4.0.1",
      "license": "MIT",
      "dependencies": {
        "jwa": "^2.0.1",
        "safe-buffer": "^5.0.1"
      }
    },
    "node_modules/lodash.includes": {
      "version": "4.3.0",
      "license": "MIT"
    },
    "node_modules/lodash.isboolean": {
      "version": "3.0.3",
      "license": "MIT"
    },
    "node_modules/lodash.isinteger": {
      "version": "4.0.4",
      "license": "MIT"
    },
    "node_modules/lodash.isnumber": {
      "version": "3.0.3",
      "license": "MIT"
    },
    "node_modules/lodash.isplainobject": {
      "version": "4.0.6",
      "license": "MIT"
    },
    "node_modules/lodash.isstring": {
      "version": "4.0.1",
      "license": "MIT"
    },
    "node_modules/lodash.once": {
      "version": "4.1.1",
      "license": "MIT"
    },
    "node_modules/math-intrinsics": {
      "version": "1.1.0",
      "license": "MIT",
      "engines": {
        "node": ">= 0.4"
      }
    },
    "node_modules/media-typer": {
      "version": "0.3.0",
      "license": "MIT",
      "engines": {
        "node": ">= 0.6"
      }
    },
    "node_modules/merge-descriptors": {
      "version": "1.0.3",
      "license": "MIT",
      "funding": {
        "url": "https://github.com/sponsors/sindresorhus"
      }
    },
    "node_modules/methods": {
      "version": "1.1.2",
      "license": "MIT",
      "engines": {
        "node": ">= 0.6"
      }
    },
    "node_modules/mime": {
      "version": "1.6.0",
      "license": "MIT",
      "bin": {
        "mime": "cli.js"
      },
      "engines": {
        "node": ">=4"
      }
    },
    "node_modules/mime-db": {
      "version": "1.52.0",
      "license": "MIT",
      "engines": {
        "node": ">= 0.6"
      }
    },
    "node_modules/mime-types": {
      "version": "2.1.35",
      "license": "MIT",
      "dependencies": {
        "mime-db": "1.52.0"
      },
      "engines": {
        "node": ">= 0.6"
      }
    },
    "node_modules/minimist": {
      "version": "1.2.8",
      "license": "MIT",
      "funding": {
        "url": "https://github.com/sponsors/ljharb"
      }
    },
    "node_modules/mkdirp": {
      "version": "0.5.6",
      "license": "MIT",
      "dependencies": {
        "minimist": "^1.2.6"
      },
      "bin": {
        "mkdirp": "bin/cmd.js"
      }
    },
    "node_modules/ms": {
      "version": "2.0.0",
      "license": "MIT"
    },
    "node_modules/multer": {
      "version": "1.4.5-lts.2",
      "license": "MIT",
      "dependencies": {
        "append-field": "^1.0.0",
        "busboy": "^1.0.0",
        "concat-stream": "^1.5.2",
        "mkdirp": "^0.5.4",
        "object-assign": "^4.1.1",
        "type-is": "^1.6.4",
        "xtend": "^4.0.0"
      },
      "engines": {
        "node": ">= 6.0.0"
      }
    },
    "node_modules/negotiator": {
      "version": "0.6.3",
      "license": "MIT",
      "engines": {
        "node": ">= 0.6"
      }
    },
    "node_modules/object-assign": {
      "version": "4.1.1",
      "license": "MIT",
      "engines": {
        "node": ">=0.10.0"
      }
    },
    "node_modules/object-inspect": {
      "version": "1.13.4",
      "license": "MIT",
      "engines": {
        "node": ">= 0.4"
      },
      "funding": {
        "url": "https://github.com/sponsors/ljharb"
      }
    },
    "node_modules/on-finished": {
      "version": "2.4.1",
      "license": "MIT",
      "dependencies": {
        "ee-first": "1.1.1"
      },
      "engines": {
        "node": ">= 0.8"
      }
    },
    "node_modules/parseurl": {
      "version": "1.3.3",
      "license": "MIT",
      "engines": {
        "node": ">= 0.8"
      }
    },
    "node_modules/path-to-regexp": {
      "version": "0.1.13",
      "license": "MIT"
    },
    "node_modules/process-nextick-args": {
      "version": "2.0.1",
      "license": "MIT"
    },
    "node_modules/proxy-addr": {
      "version": "2.0.7",
      "license": "MIT",
      "dependencies": {
        "forwarded": "0.2.0",
        "ipaddr.js": "1.9.1"
      },
      "engines": {
        "node": ">= 0.10"
      }
    },
    "node_modules/qs": {
      "version": "6.15.3",
      "license": "BSD-3-Clause",
      "dependencies": {
        "es-define-property": "^1.0.1",
        "side-channel": "^1.1.1"
      },
      "engines": {
        "node": ">=0.6"
      },
      "funding": {
        "url": "https://github.com/sponsors/ljharb"
      }
    },
    "node_modules/range-parser": {
      "version": "1.2.1",
      "license": "MIT",
      "engines": {
        "node": ">= 0.6"
      }
    },
    "node_modules/raw-body": {
      "version": "2.5.3",
      "license": "MIT",
      "dependencies": {
        "bytes": "~3.1.2",
        "http-errors": "~2.0.1",
        "iconv-lite": "~0.4.24",
        "unpipe": "~1.0.0"
      },
      "engines": {
        "node": ">= 0.8"
      }
    },
    "node_modules/readable-stream": {
      "version": "2.3.8",
      "license": "MIT",
      "dependencies": {
        "core-util-is": "~1.0.0",
        "inherits": "~2.0.3",
        "isarray": "~1.0.0",
        "process-nextick-args": "~2.0.0",
        "safe-buffer": "~5.1.1",
        "string_decoder": "~1.1.1",
        "util-deprecate": "~1.0.1"
      }
    },
    "node_modules/readable-stream/node_modules/safe-buffer": {
      "version": "5.1.2",
      "license": "MIT"
    },
    "node_modules/safe-buffer": {
      "version": "5.2.1",
      "funding": [
        {
          "type": "github",
          "url": "https://github.com/sponsors/feross"
        },
        {
          "type": "patreon",
          "url": "https://www.patreon.com/feross"
        },
        {
          "type": "consulting",
          "url": "https://feross.org/support"
        }
      ],
      "license": "MIT"
    },
    "node_modules/safer-buffer": {
      "version": "2.1.2",
      "license": "MIT"
    },
    "node_modules/semver": {
      "version": "7.8.5",
      "license": "ISC",
      "bin": {
        "semver": "bin/semver.js"
      },
      "engines": {
        "node": ">=10"
      }
    },
    "node_modules/send": {
      "version": "0.19.2",
      "license": "MIT",
      "dependencies": {
        "debug": "2.6.9",
        "depd": "2.0.0",
        "destroy": "1.2.0",
        "encodeurl": "~2.0.0",
        "escape-html": "~1.0.3",
        "etag": "~1.8.1",
        "fresh": "~0.5.2",
        "http-errors": "~2.0.1",
        "mime": "1.6.0",
        "ms": "2.1.3",
        "on-finished": "~2.4.1",
        "range-parser": "~1.2.1",
        "statuses": "~2.0.2"
      },
      "engines": {
        "node": ">= 0.8.0"
      }
    },
    "node_modules/send/node_modules/ms": {
      "version": "2.1.3",
      "license": "MIT"
    },
    "node_modules/serve-static": {
      "version": "1.16.3",
      "license": "MIT",
      "dependencies": {
        "encodeurl": "~2.0.0",
        "escape-html": "~1.0.3",
        "parseurl": "~1.3.3",
        "send": "~0.19.1"
      },
      "engines": {
        "node": ">= 0.8.0"
      }
    },
    "node_modules/serverless-http": {
      "version": "4.0.0",
      "resolved": "https://registry.npmjs.org/serverless-http/-/serverless-http-4.0.0.tgz",
      "integrity": "sha512-KKl9h1+VApX9y2vHsVMogf906UXBwO3FDYiWPzqS0mCjEEx4Sx91JrssbWA7RN43HBuxrtoh8MkocZPvjyGnLg==",
      "license": "MIT",
      "engines": {
        "node": ">=12.0"
      }
    },
    "node_modules/setprototypeof": {
      "version": "1.2.0",
      "license": "ISC"
    },
    "node_modules/side-channel": {
      "version": "1.1.1",
      "license": "MIT",
      "dependencies": {
        "es-errors": "^1.3.0",
        "object-inspect": "^1.13.4",
        "side-channel-list": "^1.0.1",
        "side-channel-map": "^1.0.1",
        "side-channel-weakmap": "^1.0.2"
      },
      "engines": {
        "node": ">= 0.4"
      },
      "funding": {
        "url": "https://github.com/sponsors/ljharb"
      }
    },
    "node_modules/side-channel-list": {
      "version": "1.0.1",
      "license": "MIT",
      "dependencies": {
        "es-errors": "^1.3.0",
        "object-inspect": "^1.13.4"
      },
      "engines": {
        "node": ">= 0.4"
      },
      "funding": {
        "url": "https://github.com/sponsors/ljharb"
      }
    },
    "node_modules/side-channel-map": {
      "version": "1.0.1",
      "license": "MIT",
      "dependencies": {
        "call-bound": "^1.0.2",
        "es-errors": "^1.3.0",
        "get-intrinsic": "^1.2.5",
        "object-inspect": "^1.13.3"
      },
      "engines": {
        "node": ">= 0.4"
      },
      "funding": {
        "url": "https://github.com/sponsors/ljharb"
      }
    },
    "node_modules/side-channel-weakmap": {
      "version": "1.0.2",
      "license": "MIT",
      "dependencies": {
        "call-bound": "^1.0.2",
        "es-errors": "^1.3.0",
        "get-intrinsic": "^1.2.5",
        "object-inspect": "^1.13.3",
        "side-channel-map": "^1.0.1"
      },
      "engines": {
        "node": ">= 0.4"
      },
      "funding": {
        "url": "https://github.com/sponsors/ljharb"
      }
    },
    "node_modules/statuses": {
      "version": "2.0.2",
      "license": "MIT",
      "engines": {
        "node": ">= 0.8"
      }
    },
    "node_modules/streamsearch": {
      "version": "1.1.0",
      "engines": {
        "node": ">=10.0.0"
      }
    },
    "node_modules/string_decoder": {
      "version": "1.1.1",
      "license": "MIT",
      "dependencies": {
        "safe-buffer": "~5.1.0"
      }
    },
    "node_modules/string_decoder/node_modules/safe-buffer": {
      "version": "5.1.2",
      "license": "MIT"
    },
    "node_modules/toidentifier": {
      "version": "1.0.1",
      "license": "MIT",
      "engines": {
        "node": ">=0.6"
      }
    },
    "node_modules/tslib": {
      "version": "2.8.1",
      "resolved": "https://registry.npmjs.org/tslib/-/tslib-2.8.1.tgz",
      "integrity": "sha512-oJFu94HQb+KVduSUQL7wnpmqnfmLsOA/nAh6b6EH0wCEoK0/mPeXU6c3wKDV83MkOuHPRHtSXKKU99IBazS/2w==",
      "license": "0BSD"
    },
    "node_modules/type-is": {
      "version": "1.6.18",
      "license": "MIT",
      "dependencies": {
        "media-typer": "0.3.0",
        "mime-types": "~2.1.24"
      },
      "engines": {
        "node": ">= 0.6"
      }
    },
    "node_modules/typedarray": {
      "version": "0.0.6",
      "license": "MIT"
    },
    "node_modules/unpipe": {
      "version": "1.0.0",
      "license": "MIT",
      "engines": {
        "node": ">= 0.8"
      }
    },
    "node_modules/util-deprecate": {
      "version": "1.0.2",
      "license": "MIT"
    },
    "node_modules/utils-merge": {
      "version": "1.0.1",
      "license": "MIT",
      "engines": {
        "node": ">= 0.4.0"
      }
    },
    "node_modules/uuid": {
      "version": "9.0.1",
      "funding": [
        "https://github.com/sponsors/broofa",
        "https://github.com/sponsors/ctavan"
      ],
      "license": "MIT",
      "bin": {
        "uuid": "dist/bin/uuid"
      }
    },
    "node_modules/vary": {
      "version": "1.1.2",
      "license": "MIT",
      "engines": {
        "node": ">= 0.8"
      }
    },
    "node_modules/xtend": {
      "version": "4.0.2",
      "license": "MIT",
      "engines": {
        "node": ">=0.4"
      }
    }
  }
}
